// !$*UTF8*$!
{
	archiveVersion = 1;
	classes = {
	};
	objectVersion = 50;
	objects = {

/* Begin PBXBuildFile section */
		6701D7A6227FDD4F003F7FC4 /* AppDelegate.swift in Sources */ = {isa = PBXBuildFile; fileRef = 6701D7A5227FDD4F003F7FC4 /* AppDelegate.swift */; };
		6701D7A8227FDD4F003F7FC4 /* ViewController.swift in Sources */ = {isa = PBXBuildFile; fileRef = 6701D7A7227FDD4F003F7FC4 /* ViewController.swift */; };
		6701D7AB227FDD4F003F7FC4 /* Main.storyboard in Resources */ = {isa = PBXBuildFile; fileRef = 6701D7A9227FDD4F003F7FC4 /* Main.storyboard */; };
		6701D7AD227FDD50003F7FC4 /* Assets.xcassets in Resources */ = {isa = PBXBuildFile; fileRef = 6701D7AC227FDD50003F7FC4 /* Assets.xcassets */; };
		6701D7B0227FDD50003F7FC4 /* LaunchScreen.storyboard in Resources */ = {isa = PBXBuildFile; fileRef = 6701D7AE227FDD50003F7FC4 /* LaunchScreen.storyboard */; };
		6701D7BB227FDD50003F7FC4 /* ios_starterTests.swift in Sources */ = {isa = PBXBuildFile; fileRef = 6701D7BA227FDD50003F7FC4 /* ios_starterTests.swift */; };
		6701D7CB227FE0BE003F7FC4 /* Snail.framework in Frameworks */ = {isa = PBXBuildFile; fileRef = 6701D7C9227FE0BE003F7FC4 /* Snail.framework */; };
		6701D7CC227FE0BE003F7FC4 /* SnapKit.framework in Frameworks */ = {isa = PBXBuildFile; fileRef = 6701D7CA227FE0BE003F7FC4 /* SnapKit.framework */; };
		670D241A227FE3CA00BDB1F4 /* Movie.swift in Sources */ = {isa = PBXBuildFile; fileRef = 670D2419227FE3CA00BDB1F4 /* Movie.swift */; };
		670D241D227FE3F600BDB1F4 /* MovieResponse.swift in Sources */ = {isa = PBXBuildFile; fileRef = 670D241C227FE3F600BDB1F4 /* MovieResponse.swift */; };
/* End PBXBuildFile section */

/* Begin PBXContainerItemProxy section */
		6701D7B7227FDD50003F7FC4 /* PBXContainerItemProxy */ = {
			isa = PBXContainerItemProxy;
			containerPortal = 6701D79A227FDD4F003F7FC4 /* Project object */;
			proxyType = 1;
			remoteGlobalIDString = 6701D7A1227FDD4F003F7FC4;
			remoteInfo = ios_starter;
		};
/* End PBXContainerItemProxy section */

/* Begin PBXFileReference section */
		6701D7A2227FDD4F003F7FC4 /* ios_starter.app */ = {isa = PBXFileReference; explicitFileType = wrapper.application; includeInIndex = 0; path = ios_starter.app; sourceTree = BUILT_PRODUCTS_DIR; };
		6701D7A5227FDD4F003F7FC4 /* AppDelegate.swift */ = {isa = PBXFileReference; lastKnownFileType = sourcecode.swift; path = AppDelegate.swift; sourceTree = "<group>"; };
		6701D7A7227FDD4F003F7FC4 /* ViewController.swift */ = {isa = PBXFileReference; lastKnownFileType = sourcecode.swift; path = ViewController.swift; sourceTree = "<group>"; };
		6701D7AA227FDD4F003F7FC4 /* Base */ = {isa = PBXFileReference; lastKnownFileType = file.storyboard; name = Base; path = Base.lproj/Main.storyboard; sourceTree = "<group>"; };
		6701D7AC227FDD50003F7FC4 /* Assets.xcassets */ = {isa = PBXFileReference; lastKnownFileType = folder.assetcatalog; path = Assets.xcassets; sourceTree = "<group>"; };
		6701D7AF227FDD50003F7FC4 /* Base */ = {isa = PBXFileReference; lastKnownFileType = file.storyboard; name = Base; path = Base.lproj/LaunchScreen.storyboard; sourceTree = "<group>"; };
		6701D7B1227FDD50003F7FC4 /* Info.plist */ = {isa = PBXFileReference; lastKnownFileType = text.plist.xml; path = Info.plist; sourceTree = "<group>"; };
		6701D7B6227FDD50003F7FC4 /* ios_starterTests.xctest */ = {isa = PBXFileReference; explicitFileType = wrapper.cfbundle; includeInIndex = 0; path = ios_starterTests.xctest; sourceTree = BUILT_PRODUCTS_DIR; };
		6701D7BA227FDD50003F7FC4 /* ios_starterTests.swift */ = {isa = PBXFileReference; lastKnownFileType = sourcecode.swift; path = ios_starterTests.swift; sourceTree = "<group>"; };
		6701D7BC227FDD50003F7FC4 /* Info.plist */ = {isa = PBXFileReference; lastKnownFileType = text.plist.xml; path = Info.plist; sourceTree = "<group>"; };
		6701D7C9227FE0BE003F7FC4 /* Snail.framework */ = {isa = PBXFileReference; lastKnownFileType = wrapper.framework; name = Snail.framework; path = Carthage/Build/iOS/Snail.framework; sourceTree = "<group>"; };
		6701D7CA227FE0BE003F7FC4 /* SnapKit.framework */ = {isa = PBXFileReference; lastKnownFileType = wrapper.framework; name = SnapKit.framework; path = Carthage/Build/iOS/SnapKit.framework; sourceTree = "<group>"; };
		670D2419227FE3CA00BDB1F4 /* Movie.swift */ = {isa = PBXFileReference; lastKnownFileType = sourcecode.swift; path = Movie.swift; sourceTree = "<group>"; };
		670D241C227FE3F600BDB1F4 /* MovieResponse.swift */ = {isa = PBXFileReference; lastKnownFileType = sourcecode.swift; path = MovieResponse.swift; sourceTree = "<group>"; };
/* End PBXFileReference section */

/* Begin PBXFrameworksBuildPhase section */
		6701D79F227FDD4F003F7FC4 /* Frameworks */ = {
			isa = PBXFrameworksBuildPhase;
			buildActionMask = 2147483647;
			files = (
				6701D7CB227FE0BE003F7FC4 /* Snail.framework in Frameworks */,
				6701D7CC227FE0BE003F7FC4 /* SnapKit.framework in Frameworks */,
			);
			runOnlyForDeploymentPostprocessing = 0;
		};
		6701D7B3227FDD50003F7FC4 /* Frameworks */ = {
			isa = PBXFrameworksBuildPhase;
			buildActionMask = 2147483647;
			files = (
			);
			runOnlyForDeploymentPostprocessing = 0;
		};
/* End PBXFrameworksBuildPhase section */

/* Begin PBXGroup section */
		6701D799227FDD4F003F7FC4 = {
			isa = PBXGroup;
			children = (
				6701D7A4227FDD4F003F7FC4 /* ios_starter */,
				6701D7B9227FDD50003F7FC4 /* ios_starterTests */,
				6701D7A3227FDD4F003F7FC4 /* Products */,
				6701D7C8227FE0BE003F7FC4 /* Frameworks */,
			);
			sourceTree = "<group>";
		};
		6701D7A3227FDD4F003F7FC4 /* Products */ = {
			isa = PBXGroup;
			children = (
				6701D7A2227FDD4F003F7FC4 /* ios_starter.app */,
				6701D7B6227FDD50003F7FC4 /* ios_starterTests.xctest */,
			);
			name = Products;
			sourceTree = "<group>";
		};
		6701D7A4227FDD4F003F7FC4 /* ios_starter */ = {
			isa = PBXGroup;
			children = (
				6701D7A5227FDD4F003F7FC4 /* AppDelegate.swift */,
				670D2419227FE3CA00BDB1F4 /* Movie.swift */,
				670D241C227FE3F600BDB1F4 /* MovieResponse.swift */,
				6701D7A7227FDD4F003F7FC4 /* ViewController.swift */,
				6701D7C5227FDE8C003F7FC4 /* Resources */,
			);
			path = ios_starter;
			sourceTree = "<group>";
		};
		6701D7B9227FDD50003F7FC4 /* ios_starterTests */ = {
			isa = PBXGroup;
			children = (
				6701D7BA227FDD50003F7FC4 /* ios_starterTests.swift */,
				6701D7BC227FDD50003F7FC4 /* Info.plist */,
			);
			path = ios_starterTests;
			sourceTree = "<group>";
		};
		6701D7C5227FDE8C003F7FC4 /* Resources */ = {
			isa = PBXGroup;
			children = (
				6701D7AE227FDD50003F7FC4 /* LaunchScreen.storyboard */,
				6701D7B1227FDD50003F7FC4 /* Info.plist */,
				6701D7AC227FDD50003F7FC4 /* Assets.xcassets */,
				6701D7A9227FDD4F003F7FC4 /* Main.storyboard */,
			);
			path = Resources;
			sourceTree = "<group>";
		};
		6701D7C8227FE0BE003F7FC4 /* Frameworks */ = {
			isa = PBXGroup;
			children = (
				6701D7C9227FE0BE003F7FC4 /* Snail.framework */,
				6701D7CA227FE0BE003F7FC4 /* SnapKit.framework */,
			);
			name = Frameworks;
			sourceTree = "<group>";
		};
/* End PBXGroup section */

/* Begin PBXNativeTarget section */
		6701D7A1227FDD4F003F7FC4 /* ios_starter */ = {
			isa = PBXNativeTarget;
			buildConfigurationList = 6701D7BF227FDD50003F7FC4 /* Build configuration list for PBXNativeTarget "ios_starter" */;
			buildPhases = (
				6701D79E227FDD4F003F7FC4 /* Sources */,
				6701D79F227FDD4F003F7FC4 /* Frameworks */,
				6701D7A0227FDD4F003F7FC4 /* Resources */,
				6701D7CD227FE0D3003F7FC4 /* ShellScript */,
			);
			buildRules = (
			);
			dependencies = (
			);
			name = ios_starter;
			productName = ios_starter;
			productReference = 6701D7A2227FDD4F003F7FC4 /* ios_starter.app */;
			productType = "com.apple.product-type.application";
		};
		6701D7B5227FDD50003F7FC4 /* ios_starterTests */ = {
			isa = PBXNativeTarget;
			buildConfigurationList = 6701D7C2227FDD50003F7FC4 /* Build configuration list for PBXNativeTarget "ios_starterTests" */;
			buildPhases = (
				6701D7B2227FDD50003F7FC4 /* Sources */,
				6701D7B3227FDD50003F7FC4 /* Frameworks */,
				6701D7B4227FDD50003F7FC4 /* Resources */,
			);
			buildRules = (
			);
			dependencies = (
				6701D7B8227FDD50003F7FC4 /* PBXTargetDependency */,
			);
			name = ios_starterTests;
			productName = ios_starterTests;
			productReference = 6701D7B6227FDD50003F7FC4 /* ios_starterTests.xctest */;
			productType = "com.apple.product-type.bundle.unit-test";
		};
/* End PBXNativeTarget section */

/* Begin PBXProject section */
		6701D79A227FDD4F003F7FC4 /* Project object */ = {
			isa = PBXProject;
			attributes = {
				LastSwiftUpdateCheck = 1020;
				LastUpgradeCheck = 1020;
				ORGANIZATIONNAME = "Robert Gray";
				TargetAttributes = {
					6701D7A1227FDD4F003F7FC4 = {
						CreatedOnToolsVersion = 10.2.1;
					};
					6701D7B5227FDD50003F7FC4 = {
						CreatedOnToolsVersion = 10.2.1;
						TestTargetID = 6701D7A1227FDD4F003F7FC4;
					};
				};
			};
			buildConfigurationList = 6701D79D227FDD4F003F7FC4 /* Build configuration list for PBXProject "ios_starter" */;
			compatibilityVersion = "Xcode 9.3";
			developmentRegion = en;
			hasScannedForEncodings = 0;
			knownRegions = (
				en,
				Base,
			);
			mainGroup = 6701D799227FDD4F003F7FC4;
			productRefGroup = 6701D7A3227FDD4F003F7FC4 /* Products */;
			projectDirPath = "";
			projectRoot = "";
			targets = (
				6701D7A1227FDD4F003F7FC4 /* ios_starter */,
				6701D7B5227FDD50003F7FC4 /* ios_starterTests */,
			);
		};
/* End PBXProject section */

/* Begin PBXResourcesBuildPhase section */
		6701D7A0227FDD4F003F7FC4 /* Resources */ = {
			isa = PBXResourcesBuildPhase;
			buildActionMask = 2147483647;
			files = (
				6701D7B0227FDD50003F7FC4 /* LaunchScreen.storyboard in Resources */,
				6701D7AD227FDD50003F7FC4 /* Assets.xcassets in Resources */,
				6701D7AB227FDD4F003F7FC4 /* Main.storyboard in Resources */,
			);
			runOnlyForDeploymentPostprocessing = 0;
		};
		6701D7B4227FDD50003F7FC4 /* Resources */ = {
			isa = PBXResourcesBuildPhase;
			buildActionMask = 2147483647;
			files = (
			);
			runOnlyForDeploymentPostprocessing = 0;
		};
/* End PBXResourcesBuildPhase section */

/* Begin PBXShellScriptBuildPhase section */
		6701D7CD227FE0D3003F7FC4 /* ShellScript */ = {
			isa = PBXShellScriptBuildPhase;
			buildActionMask = 2147483647;
			files = (
			);
			inputFileListPaths = (
			);
			inputPaths = (
				"$(SRCROOT)/Carthage/Build/iOS/Snail.framework",
				"$(SRCROOT)/Carthage/Build/iOS/SnapKit.framework",
			);
			outputFileListPaths = (
			);
			outputPaths = (
			);
			runOnlyForDeploymentPostprocessing = 0;
			shellPath = /bin/sh;
			shellScript = "/usr/local/bin/carthage copy-frameworks\n";
		};
/* End PBXShellScriptBuildPhase section */

/* Begin PBXSourcesBuildPhase section */
		6701D79E227FDD4F003F7FC4 /* Sources */ = {
			isa = PBXSourcesBuildPhase;
			buildActionMask = 2147483647;
			files = (
				6701D7A8227FDD4F003F7FC4 /* ViewController.swift in Sources */,
				670D241D227FE3F600BDB1F4 /* MovieResponse.swift in Sources */,
				6701D7A6227FDD4F003F7FC4 /* AppDelegate.swift in Sources */,
				670D241A227FE3CA00BDB1F4 /* Movie.swift in Sources */,
			);
			runOnlyForDeploymentPostprocessing = 0;
		};
		6701D7B2227FDD50003F7FC4 /* Sources */ = {
			isa = PBXSourcesBuildPhase;
			buildActionMask = 2147483647;
			files = (
				6701D7BB227FDD50003F7FC4 /* ios_starterTests.swift in Sources */,
			);
			runOnlyForDeploymentPostprocessing = 0;
		};
/* End PBXSourcesBuildPhase section */

/* Begin PBXTargetDependency section */
		6701D7B8227FDD50003F7FC4 /* PBXTargetDependency */ = {
			isa = PBXTargetDependency;
			target = 6701D7A1227FDD4F003F7FC4 /* ios_starter */;
			targetProxy = 6701D7B7227FDD50003F7FC4 /* PBXContainerItemProxy */;
		};
/* End PBXTargetDependency section */

/* Begin PBXVariantGroup section */
		6701D7A9227FDD4F003F7FC4 /* Main.storyboard */ = {
			isa = PBXVariantGroup;
			children = (
				6701D7AA227FDD4F003F7FC4 /* Base */,
			);
			name = Main.storyboard;
			sourceTree = "<group>";
		};
		6701D7AE227FDD50003F7FC4 /* LaunchScreen.storyboard */ = {
			isa = PBXVariantGroup;
			children = (
				6701D7AF227FDD50003F7FC4 /* Base */,
			);
			name = LaunchScreen.storyboard;
			sourceTree = "<group>";
		};
/* End PBXVariantGroup section */

/* Begin XCBuildConfiguration section */
		6701D7BD227FDD50003F7FC4 /* Debug */ = {
			isa = XCBuildConfiguration;
			buildSettings = {
				ALWAYS_SEARCH_USER_PATHS = NO;
				CLANG_ANALYZER_NONNULL = YES;
				CLANG_ANALYZER_NUMBER_OBJECT_CONVERSION = YES_AGGRESSIVE;
				CLANG_CXX_LANGUAGE_STANDARD = "gnu++14";
				CLANG_CXX_LIBRARY = "libc++";
				CLANG_ENABLE_MODULES = YES;
				CLANG_ENABLE_OBJC_ARC = YES;
				CLANG_ENABLE_OBJC_WEAK = YES;
				CLANG_WARN_BLOCK_CAPTURE_AUTORELEASING = YES;
				CLANG_WARN_BOOL_CONVERSION = YES;
				CLANG_WARN_COMMA = YES;
				CLANG_WARN_CONSTANT_CONVERSION = YES;
				CLANG_WARN_DEPRECATED_OBJC_IMPLEMENTATIONS = YES;
				CLANG_WARN_DIRECT_OBJC_ISA_USAGE = YES_ERROR;
				CLANG_WARN_DOCUMENTATION_COMMENTS = YES;
				CLANG_WARN_EMPTY_BODY = YES;
				CLANG_WARN_ENUM_CONVERSION = YES;
				CLANG_WARN_INFINITE_RECURSION = YES;
				CLANG_WARN_INT_CONVERSION = YES;
				CLANG_WARN_NON_LITERAL_NULL_CONVERSION = YES;
				CLANG_WARN_OBJC_IMPLICIT_RETAIN_SELF = YES;
				CLANG_WARN_OBJC_LITERAL_CONVERSION = YES;
				CLANG_WARN_OBJC_ROOT_CLASS = YES_ERROR;
				CLANG_WARN_RANGE_LOOP_ANALYSIS = YES;
				CLANG_WARN_STRICT_PROTOTYPES = YES;
				CLANG_WARN_SUSPICIOUS_MOVE = YES;
				CLANG_WARN_UNGUARDED_AVAILABILITY = YES_AGGRESSIVE;
				CLANG_WARN_UNREACHABLE_CODE = YES;
				CLANG_WARN__DUPLICATE_METHOD_MATCH = YES;
				CODE_SIGN_IDENTITY = "iPhone Developer";
				COPY_PHASE_STRIP = NO;
				DEBUG_INFORMATION_FORMAT = dwarf;
				ENABLE_STRICT_OBJC_MSGSEND = YES;
				ENABLE_TESTABILITY = YES;
				GCC_C_LANGUAGE_STANDARD = gnu11;
				GCC_DYNAMIC_NO_PIC = NO;
				GCC_NO_COMMON_BLOCKS = YES;
				GCC_OPTIMIZATION_LEVEL = 0;
				GCC_PREPROCESSOR_DEFINITIONS = (
					"DEBUG=1",
					"$(inherited)",
				);
				GCC_WARN_64_TO_32_BIT_CONVERSION = YES;
				GCC_WARN_ABOUT_RETURN_TYPE = YES_ERROR;
				GCC_WARN_UNDECLARED_SELECTOR = YES;
				GCC_WARN_UNINITIALIZED_AUTOS = YES_AGGRESSIVE;
				GCC_WARN_UNUSED_FUNCTION = YES;
				GCC_WARN_UNUSED_VARIABLE = YES;
				IPHONEOS_DEPLOYMENT_TARGET = 12.2;
				MTL_ENABLE_DEBUG_INFO = INCLUDE_SOURCE;
				MTL_FAST_MATH = YES;
				ONLY_ACTIVE_ARCH = YES;
				SDKROOT = iphoneos;
				SWIFT_ACTIVE_COMPILATION_CONDITIONS = DEBUG;
				SWIFT_OPTIMIZATION_LEVEL = "-Onone";
			};
			name = Debug;
		};
		6701D7BE227FDD50003F7FC4 /* Release */ = {
			isa = XCBuildConfiguration;
			buildSettings = {
				ALWAYS_SEARCH_USER_PATHS = NO;
				CLANG_ANALYZER_NONNULL = YES;
				CLANG_ANALYZER_NUMBER_OBJECT_CONVERSION = YES_AGGRESSIVE;
				CLANG_CXX_LANGUAGE_STANDARD = "gnu++14";
				CLANG_CXX_LIBRARY = "libc++";
				CLANG_ENABLE_MODULES = YES;
				CLANG_ENABLE_OBJC_ARC = YES;
				CLANG_ENABLE_OBJC_WEAK = YES;
				CLANG_WARN_BLOCK_CAPTURE_AUTORELEASING = YES;
				CLANG_WARN_BOOL_CONVERSION = YES;
				CLANG_WARN_COMMA = YES;
				CLANG_WARN_CONSTANT_CONVERSION = YES;
				CLANG_WARN_DEPRECATED_OBJC_IMPLEMENTATIONS = YES;
				CLANG_WARN_DIRECT_OBJC_ISA_USAGE = YES_ERROR;
				CLANG_WARN_DOCUMENTATION_COMMENTS = YES;
				CLANG_WARN_EMPTY_BODY = YES;
				CLANG_WARN_ENUM_CONVERSION = YES;
				CLANG_WARN_INFINITE_RECURSION = YES;
				CLANG_WARN_INT_CONVERSION = YES;
				CLANG_WARN_NON_LITERAL_NULL_CONVERSION = YES;
				CLANG_WARN_OBJC_IMPLICIT_RETAIN_SELF = YES;
				CLANG_WARN_OBJC_LITERAL_CONVERSION = YES;
				CLANG_WARN_OBJC_ROOT_CLASS = YES_ERROR;
				CLANG_WARN_RANGE_LOOP_ANALYSIS = YES;
				CLANG_WARN_STRICT_PROTOTYPES = YES;
				CLANG_WARN_SUSPICIOUS_MOVE = YES;
				CLANG_WARN_UNGUARDED_AVAILABILITY = YES_AGGRESSIVE;
				CLANG_WARN_UNREACHABLE_CODE = YES;
				CLANG_WARN__DUPLICATE_METHOD_MATCH = YES;
				CODE_SIGN_IDENTITY = "iPhone Developer";
				COPY_PHASE_STRIP = NO;
				DEBUG_INFORMATION_FORMAT = "dwarf-with-dsym";
				ENABLE_NS_ASSERTIONS = NO;
				ENABLE_STRICT_OBJC_MSGSEND = YES;
				GCC_C_LANGUAGE_STANDARD = gnu11;
				GCC_NO_COMMON_BLOCKS = YES;
				GCC_WARN_64_TO_32_BIT_CONVERSION = YES;
				GCC_WARN_ABOUT_RETURN_TYPE = YES_ERROR;
				GCC_WARN_UNDECLARED_SELECTOR = YES;
				GCC_WARN_UNINITIALIZED_AUTOS = YES_AGGRESSIVE;
				GCC_WARN_UNUSED_FUNCTION = YES;
				GCC_WARN_UNUSED_VARIABLE = YES;
				IPHONEOS_DEPLOYMENT_TARGET = 12.2;
				MTL_ENABLE_DEBUG_INFO = NO;
				MTL_FAST_MATH = YES;
				SDKROOT = iphoneos;
				SWIFT_COMPILATION_MODE = wholemodule;
				SWIFT_OPTIMIZATION_LEVEL = "-O";
				VALIDATE_PRODUCT = YES;
			};
			name = Release;
		};
		6701D7C0227FDD50003F7FC4 /* Debug */ = {
			isa = XCBuildConfiguration;
			buildSettings = {
				ASSETCATALOG_COMPILER_APPICON_NAME = AppIcon;
				CODE_SIGN_STYLE = Automatic;
				DEVELOPMENT_TEAM = AKK68GE86T;
				FRAMEWORK_SEARCH_PATHS = (
					"$(inherited)",
					"$(PROJECT_DIR)/Carthage/Build/iOS",
				);
				INFOPLIST_FILE = ios_starter/Resources/Info.plist;
				LD_RUNPATH_SEARCH_PATHS = (
					"$(inherited)",
					"@executable_path/Frameworks",
				);
				PRODUCT_BUNDLE_IDENTIFIER = "com.rcgventures.ios-starter";
				PRODUCT_NAME = "$(TARGET_NAME)";
				SWIFT_VERSION = 5.0;
				TARGETED_DEVICE_FAMILY = "1,2";
			};
			name = Debug;
		};
		6701D7C1227FDD50003F7FC4 /* Release */ = {
			isa = XCBuildConfiguration;
			buildSettings = {
				ASSETCATALOG_COMPILER_APPICON_NAME = AppIcon;
				CODE_SIGN_STYLE = Automatic;
				DEVELOPMENT_TEAM = AKK68GE86T;
				FRAMEWORK_SEARCH_PATHS = (
					"$(inherited)",
					"$(PROJECT_DIR)/Carthage/Build/iOS",
				);
				INFOPLIST_FILE = ios_starter/Resources/Info.plist;
				LD_RUNPATH_SEARCH_PATHS = (
					"$(inherited)",
					"@executable_path/Frameworks",
				);
				PRODUCT_BUNDLE_IDENTIFIER = "com.rcgventures.ios-starter";
				PRODUCT_NAME = "$(TARGET_NAME)";
				SWIFT_VERSION = 5.0;
				TARGETED_DEVICE_FAMILY = "1,2";
			};
			name = Release;
		};
		6701D7C3227FDD50003F7FC4 /* Debug */ = {
			isa = XCBuildConfiguration;
			buildSettings = {
				ALWAYS_EMBED_SWIFT_STANDARD_LIBRARIES = YES;
				BUNDLE_LOADER = "$(TEST_HOST)";
				CODE_SIGN_STYLE = Automatic;
				INFOPLIST_FILE = ios_starterTests/Info.plist;
				LD_RUNPATH_SEARCH_PATHS = (
					"$(inherited)",
					"@executable_path/Frameworks",
					"@loader_path/Frameworks",
				);
				PRODUCT_BUNDLE_IDENTIFIER = "com.rcgventures.ios-starterTests";
				PRODUCT_NAME = "$(TARGET_NAME)";
				SWIFT_VERSION = 5.0;
				TARGETED_DEVICE_FAMILY = "1,2";
				TEST_HOST = "$(BUILT_PRODUCTS_DIR)/ios_starter.app/ios_starter";
			};
			name = Debug;
		};
		6701D7C4227FDD50003F7FC4 /* Release */ = {
			isa = XCBuildConfiguration;
			buildSettings = {
				ALWAYS_EMBED_SWIFT_STANDARD_LIBRARIES = YES;
				BUNDLE_LOADER = "$(TEST_HOST)";
				CODE_SIGN_STYLE = Automatic;
				INFOPLIST_FILE = ios_starterTests/Info.plist;
				LD_RUNPATH_SEARCH_PATHS = (
					"$(inherited)",
					"@executable_path/Frameworks",
					"@loader_path/Frameworks",
				);
				PRODUCT_BUNDLE_IDENTIFIER = "com.rcgventures.ios-starterTests";
				PRODUCT_NAME = "$(TARGET_NAME)";
				SWIFT_VERSION = 5.0;
				TARGETED_DEVICE_FAMILY = "1,2";
				TEST_HOST = "$(BUILT_PRODUCTS_DIR)/ios_starter.app/ios_starter";
			};
			name = Release;
		};
/* End XCBuildConfiguration section */

/* Begin XCConfigurationList section */
		6701D79D227FDD4F003F7FC4 /* Build configuration list for PBXProject "ios_starter" */ = {
			isa = XCConfigurationList;
			buildConfigurations = (
				6701D7BD227FDD50003F7FC4 /* Debug */,
				6701D7BE227FDD50003F7FC4 /* Release */,
			);
			defaultConfigurationIsVisible = 0;
			defaultConfigurationName = Release;
		};
		6701D7BF227FDD50003F7FC4 /* Build configuration list for PBXNativeTarget "ios_starter" */ = {
			isa = XCConfigurationList;
			buildConfigurations = (
				6701D7C0227FDD50003F7FC4 /* Debug */,
				6701D7C1227FDD50003F7FC4 /* Release */,
			);
			defaultConfigurationIsVisible = 0;
			defaultConfigurationName = Release;
		};
		6701D7C2227FDD50003F7FC4 /* Build configuration list for PBXNativeTarget "ios_starterTests" */ = {
			isa = XCConfigurationList;
			buildConfigurations = (
				6701D7C3227FDD50003F7FC4 /* Debug */,
				6701D7C4227FDD50003F7FC4 /* Release */,
			);
			defaultConfigurationIsVisible = 0;
			defaultConfigurationName = Release;
		};
/* End XCConfigurationList section */
	};
	rootObject = 6701D79A227FDD4F003F7FC4 /* Project object */;
}
